
Microsoft Visual Studio Solution File, Format Version 12.00
# Visual Studio 14
VisualStudioVersion = 14.0.24720.0
MinimumVisualStudioVersion = 10.0.40219.1
Project("{8BC9CEB8-8B4A-11D0-8D11-00A0C91BC942}") = "HarmonyHubControl", "HarmonyHubControl.vcxproj", "{80C7EE5E-39B3-3F19-8D02-57ED9E9BD275}"
EndProject
Project("{2150E333-8FDC-42A3-9474-1A3956D46DE8}") = "Releases", "Releases", "{644A71EA-755E-4890-B0D9-9DBA4E66F814}"
EndProject
Project("{2150E333-8FDC-42A3-9474-1A3956D46DE8}") = "x86", "x86", "{5FCCD0B7-27C1-433F-A675-E7E31A65046F}"
	ProjectSection(SolutionItems) = preProject
		Release\x86\HarmonyHubControl.exe = Release\x86\HarmonyHubControl.exe
	EndProjectSection
EndProject
Project("{2150E333-8FDC-42A3-9474-1A3956D46DE8}") = "ARM", "ARM", "{685B53B1-39F5-4492-B18C-E2BE26ACEE96}"
	ProjectSection(SolutionItems) = preProject
		Release\ARM\HarmonyHubControl = Release\ARM\HarmonyHubControl
	EndProjectSection
EndProject
Global
	GlobalSection(SolutionConfigurationPlatforms) = preSolution
		Debug|x86 = Debug|x86
		Release|x86 = Release|x86
	EndGlobalSection
	GlobalSection(ProjectConfigurationPlatforms) = postSolution
		{80C7EE5E-39B3-3F19-8D02-57ED9E9BD275}.Debug|x86.ActiveCfg = Debug|Win32
		{80C7EE5E-39B3-3F19-8D02-57ED9E9BD275}.Debug|x86.Build.0 = Debug|Win32
		{80C7EE5E-39B3-3F19-8D02-57ED9E9BD275}.Release|x86.ActiveCfg = Release|Win32
		{80C7EE5E-39B3-3F19-8D02-57ED9E9BD275}.Release|x86.Build.0 = Release|Win32
	EndGlobalSection
	GlobalSection(SolutionProperties) = preSolution
		HideSolutionNode = FALSE
	EndGlobalSection
	GlobalSection(NestedProjects) = preSolution
		{5FCCD0B7-27C1-433F-A675-E7E31A65046F} = {644A71EA-755E-4890-B0D9-9DBA4E66F814}
		{685B53B1-39F5-4492-B18C-E2BE26ACEE96} = {644A71EA-755E-4890-B0D9-9DBA4E66F814}
	EndGlobalSection
EndGlobal
